PODS:
  - OCMock (3.3.1)
  - SocketRocket (0.4.2)

DEPENDENCIES:
  - OCMock
  - SocketRocket (= 0.4.2)

SPEC CHECKSUMS:
  OCMock: f3f61e6eaa16038c30caa5798c5e49d3307b6f22
  SocketRocket: ffe08119b00ef982f6c37052a4705a057c8494ad

PODFILE CHECKSUM: f9e16adeb2fba505c6f0db048591858178013739

COCOAPODS: 1.0.1
